{
    "_meta": {
        "hash": {
            "sha256": "ffa0385ac0163e8765f97e48a8f8fe9ef51a977a167b94c3a8b52fb3b1764f3b"
        },
        "pipfile-spec": 6,
        "requires": {
            "python_version": "3"
        },
        "sources": [
            {
                "name": "pypi",
                "url": "https://pypi.org/simple",
                "verify_ssl": true
            }
        ]
    },
    "default": {
        "ecdsa": {
            "hashes": [
                "sha256:867ec9cf6df0b03addc8ef66b56359643cb5d0c1dc329df76ba7ecfe256c8061",
                "sha256:8f12ac317f8a1318efa75757ef0a651abe12e51fc1af8838fb91079445227277"
            ],
            "version": "==0.15"
        },
        "esptool": {
            "hashes": [
                "sha256:1e4288d9f00e55ba36809cc79c493643c623bfa036d7b019a0ebe396284bc317"
            ],
            "index": "pypi",
            "version": "==2.8"
        },
        "pyaes": {
            "hashes": [
                "sha256:02c1b1405c38d3c370b085fb952dd8bea3fadcee6411ad99f312cc129c536d8f"
            ],
            "version": "==1.6.1"
        },
        "pyserial": {
            "hashes": [
                "sha256:6e2d401fdee0eab996cf734e67773a0143b932772ca8b42451440cfed942c627",
                "sha256:e0770fadba80c31013896c7e6ef703f72e7834965954a78e71a3049488d4d7d8"
            ],
            "version": "==3.4"
        },
        "pyudev": {
            "hashes": [
                "sha256:69bb1beb7ac52855b6d1b9fe909eefb0017f38d917cba9939602c6880035b276"
            ],
            "version": "==0.22.0"
        },
        "rshell": {
            "hashes": [
                "sha256:d28e6bd872734c68a2b6169adf43b6f71c745fa66ec89ae88a975e38c1a636b3"
            ],
            "index": "pypi",
            "version": "==0.0.28"
        },
        "six": {
            "hashes": [
                "sha256:30639c035cdb23534cd4aa2dd52c3bf48f06e5f4a941509c8bafd8ce11080259",
                "sha256:8b74bedcbbbaca38ff6d7491d76f2b06b3592611af620f8426e82dddb04a5ced"
            ],
            "version": "==1.15.0"
        }
    },
    "develop": {}
}
